
Microsoft Visual Studio Solution File, Format Version 12.00
# Visual Studio Version 17
VisualStudioVersion = 17.4.33122.133
MinimumVisualStudioVersion = 10.0.40219.1
Project("{FAE04EC0-301F-11D3-BF4B-00C04F79EFBC}") = "WinFormsApp1", "WinFormsApp1\WinFormsApp1.csproj", "{CC00E418-A17B-4298-A603-EC7378BB0883}"
EndProject
Global
	GlobalSection(SolutionConfigurationPlatforms) = preSolution
		Debug|Any CPU = Debug|Any CPU
		Release|Any CPU = Release|Any CPU
	EndGlobalSection
	GlobalSection(ProjectConfigurationPlatforms) = postSolution
		{CC00E418-A17B-4298-A603-EC7378BB0883}.Debug|Any CPU.ActiveCfg = Debug|Any CPU
		{CC00E418-A17B-4298-A603-EC7378BB0883}.Debug|Any CPU.Build.0 = Debug|Any CPU
		{CC00E418-A17B-4298-A603-EC7378BB0883}.Release|Any CPU.ActiveCfg = Release|Any CPU
		{CC00E418-A17B-4298-A603-EC7378BB0883}.Release|Any CPU.Build.0 = Release|Any CPU
	EndGlobalSection
	GlobalSection(SolutionProperties) = preSolution
		HideSolutionNode = FALSE
	EndGlobalSection
	GlobalSection(ExtensibilityGlobals) = postSolution
		SolutionGuid = {965817C6-0F39-48E0-9CE6-8AFDD5C55971}
	EndGlobalSection
EndGlobal
